{
    "requires": true,
    "lockfileVersion": 1,
    "dependencies": {
        "air-datepicker": {
            "version": "3.3.3",
            "resolved": "https://registry.npmjs.org/air-datepicker/-/air-datepicker-3.3.3.tgz",
            "integrity": "sha512-acgVHk1OAgLPAKlAutaNl47cJpzBzs/9nE9UT6so+YuzHjRlGxGqi925ecxIH4IGckHwkZS4l1woknEZ1aCT1g=="
        }
    }
}
